
Microsoft Visual Studio Solution File, Format Version 12.00
# Visual Studio Version 17
VisualStudioVersion = 17.9.34902.65
MinimumVisualStudioVersion = 10.0.40219.1
Project("{9A19103F-16F7-4668-BE54-9A1E7A4F7556}") = "BookFlow(Server)", "BookFlow\BookFlow(Server).csproj", "{4A38765A-89FA-4BFB-A608-86591B315045}"
EndProject
Project("{FAE04EC0-301F-11D3-BF4B-00C04F79EFBC}") = "ServerLibrary", "ServerLibrary\ServerLibrary.csproj", "{808BBAD8-BA3E-4F9E-9241-59CC6FEF536E}"
EndProject
Project("{FAE04EC0-301F-11D3-BF4B-00C04F79EFBC}") = "BaseLibrary", "BaseLibrary\BaseLibrary.csproj", "{75B56AA5-2C1D-4029-9DB0-F37E214C3CBE}"
EndProject
Global
	GlobalSection(SolutionConfigurationPlatforms) = preSolution
		Debug|Any CPU = Debug|Any CPU
		Release|Any CPU = Release|Any CPU
	EndGlobalSection
	GlobalSection(ProjectConfigurationPlatforms) = postSolution
		{4A38765A-89FA-4BFB-A608-86591B315045}.Debug|Any CPU.ActiveCfg = Debug|Any CPU
		{4A38765A-89FA-4BFB-A608-86591B315045}.Debug|Any CPU.Build.0 = Debug|Any CPU
		{4A38765A-89FA-4BFB-A608-86591B315045}.Release|Any CPU.ActiveCfg = Release|Any CPU
		{4A38765A-89FA-4BFB-A608-86591B315045}.Release|Any CPU.Build.0 = Release|Any CPU
		{808BBAD8-BA3E-4F9E-9241-59CC6FEF536E}.Debug|Any CPU.ActiveCfg = Debug|Any CPU
		{808BBAD8-BA3E-4F9E-9241-59CC6FEF536E}.Debug|Any CPU.Build.0 = Debug|Any CPU
		{808BBAD8-BA3E-4F9E-9241-59CC6FEF536E}.Release|Any CPU.ActiveCfg = Release|Any CPU
		{808BBAD8-BA3E-4F9E-9241-59CC6FEF536E}.Release|Any CPU.Build.0 = Release|Any CPU
		{75B56AA5-2C1D-4029-9DB0-F37E214C3CBE}.Debug|Any CPU.ActiveCfg = Debug|Any CPU
		{75B56AA5-2C1D-4029-9DB0-F37E214C3CBE}.Debug|Any CPU.Build.0 = Debug|Any CPU
		{75B56AA5-2C1D-4029-9DB0-F37E214C3CBE}.Release|Any CPU.ActiveCfg = Release|Any CPU
		{75B56AA5-2C1D-4029-9DB0-F37E214C3CBE}.Release|Any CPU.Build.0 = Release|Any CPU
	EndGlobalSection
	GlobalSection(SolutionProperties) = preSolution
		HideSolutionNode = FALSE
	EndGlobalSection
	GlobalSection(ExtensibilityGlobals) = postSolution
		SolutionGuid = {84562C35-B0F9-40A3-B694-4139EE67AE49}
	EndGlobalSection
EndGlobal
